// !$*UTF8*$!
{
	archiveVersion = 1;
	classes = {
	};
	objectVersion = 51;
	objects = {

/* Begin PBXBuildFile section */
		4035024026C988EF004BD348 /* SempleViewController.swift in Sources */ = {isa = PBXBuildFile; fileRef = 4035023F26C988EF004BD348 /* SempleViewController.swift */; };
		4081CB1826C8FC9700536B5F /* AppDelegate.swift in Sources */ = {isa = PBXBuildFile; fileRef = 4081CB1726C8FC9700536B5F /* AppDelegate.swift */; };
		4081CB1A26C8FC9700536B5F /* SceneDelegate.swift in Sources */ = {isa = PBXBuildFile; fileRef = 4081CB1926C8FC9700536B5F /* SceneDelegate.swift */; };
		4081CB1C26C8FC9700536B5F /* ViewController.swift in Sources */ = {isa = PBXBuildFile; fileRef = 4081CB1B26C8FC9700536B5F /* ViewController.swift */; };
		4081CB1F26C8FC9700536B5F /* Main.storyboard in Resources */ = {isa = PBXBuildFile; fileRef = 4081CB1D26C8FC9700536B5F /* Main.storyboard */; };
		4081CB2126C8FC9900536B5F /* Assets.xcassets in Resources */ = {isa = PBXBuildFile; fileRef = 4081CB2026C8FC9900536B5F /* Assets.xcassets */; };
		4081CB2426C8FC9900536B5F /* LaunchScreen.storyboard in Resources */ = {isa = PBXBuildFile; fileRef = 4081CB2226C8FC9900536B5F /* LaunchScreen.storyboard */; };
		7EAE18FF38EBB19CC17411F5 /* Pods_FloatingActionAnimation.framework in Frameworks */ = {isa = PBXBuildFile; fileRef = BFF56674B69808D8C2F02D4E /* Pods_FloatingActionAnimation.framework */; };
/* End PBXBuildFile section */

/* Begin PBXFileReference section */
		4035023F26C988EF004BD348 /* SempleViewController.swift */ = {isa = PBXFileReference; lastKnownFileType = sourcecode.swift; path = SempleViewController.swift; sourceTree = "<group>"; };
		4081CB1426C8FC9700536B5F /* FloatingActionAnimation.app */ = {isa = PBXFileReference; explicitFileType = wrapper.application; includeInIndex = 0; path = FloatingActionAnimation.app; sourceTree = BUILT_PRODUCTS_DIR; };
		4081CB1726C8FC9700536B5F /* AppDelegate.swift */ = {isa = PBXFileReference; lastKnownFileType = sourcecode.swift; path = AppDelegate.swift; sourceTree = "<group>"; };
		4081CB1926C8FC9700536B5F /* SceneDelegate.swift */ = {isa = PBXFileReference; lastKnownFileType = sourcecode.swift; path = SceneDelegate.swift; sourceTree = "<group>"; };
		4081CB1B26C8FC9700536B5F /* ViewController.swift */ = {isa = PBXFileReference; lastKnownFileType = sourcecode.swift; path = ViewController.swift; sourceTree = "<group>"; };
		4081CB1E26C8FC9700536B5F /* Base */ = {isa = PBXFileReference; lastKnownFileType = file.storyboard; name = Base; path = Base.lproj/Main.storyboard; sourceTree = "<group>"; };
		4081CB2026C8FC9900536B5F /* Assets.xcassets */ = {isa = PBXFileReference; lastKnownFileType = folder.assetcatalog; path = Assets.xcassets; sourceTree = "<group>"; };
		4081CB2326C8FC9900536B5F /* Base */ = {isa = PBXFileReference; lastKnownFileType = file.storyboard; name = Base; path = Base.lproj/LaunchScreen.storyboard; sourceTree = "<group>"; };
		4081CB2526C8FC9900536B5F /* Info.plist */ = {isa = PBXFileReference; lastKnownFileType = text.plist.xml; path = Info.plist; sourceTree = "<group>"; };
		747F236C08E27FF0E8049840 /* Pods-FloatingActionAnimation.debug.xcconfig */ = {isa = PBXFileReference; includeInIndex = 1; lastKnownFileType = text.xcconfig; name = "Pods-FloatingActionAnimation.debug.xcconfig"; path = "Target Support Files/Pods-FloatingActionAnimation/Pods-FloatingActionAnimation.debug.xcconfig"; sourceTree = "<group>"; };
		9359F8A0A770F2A43E1391BE /* Pods-FloatingActionAnimation.release.xcconfig */ = {isa = PBXFileReference; includeInIndex = 1; lastKnownFileType = text.xcconfig; name = "Pods-FloatingActionAnimation.release.xcconfig"; path = "Target Support Files/Pods-FloatingActionAnimation/Pods-FloatingActionAnimation.release.xcconfig"; sourceTree = "<group>"; };
		BFF56674B69808D8C2F02D4E /* Pods_FloatingActionAnimation.framework */ = {isa = PBXFileReference; explicitFileType = wrapper.framework; includeInIndex = 0; path = Pods_FloatingActionAnimation.framework; sourceTree = BUILT_PRODUCTS_DIR; };
/* End PBXFileReference section */

/* Begin PBXFrameworksBuildPhase section */
		4081CB1126C8FC9700536B5F /* Frameworks */ = {
			isa = PBXFrameworksBuildPhase;
			buildActionMask = 2147483647;
			files = (
				7EAE18FF38EBB19CC17411F5 /* Pods_FloatingActionAnimation.framework in Frameworks */,
			);
			runOnlyForDeploymentPostprocessing = 0;
		};
/* End PBXFrameworksBuildPhase section */

/* Begin PBXGroup section */
		3F95EF953E9E999E6925D4C5 /* Pods */ = {
			isa = PBXGroup;
			children = (
				747F236C08E27FF0E8049840 /* Pods-FloatingActionAnimation.debug.xcconfig */,
				9359F8A0A770F2A43E1391BE /* Pods-FloatingActionAnimation.release.xcconfig */,
			);
			path = Pods;
			sourceTree = "<group>";
		};
		4081CB0B26C8FC9700536B5F = {
			isa = PBXGroup;
			children = (
				4081CB1626C8FC9700536B5F /* FloatingActionAnimation */,
				4081CB1526C8FC9700536B5F /* Products */,
				3F95EF953E9E999E6925D4C5 /* Pods */,
				AC93A79827A176C34FABBE97 /* Frameworks */,
			);
			sourceTree = "<group>";
		};
		4081CB1526C8FC9700536B5F /* Products */ = {
			isa = PBXGroup;
			children = (
				4081CB1426C8FC9700536B5F /* FloatingActionAnimation.app */,
			);
			name = Products;
			sourceTree = "<group>";
		};
		4081CB1626C8FC9700536B5F /* FloatingActionAnimation */ = {
			isa = PBXGroup;
			children = (
				4081CB1726C8FC9700536B5F /* AppDelegate.swift */,
				4081CB1926C8FC9700536B5F /* SceneDelegate.swift */,
				4081CB1B26C8FC9700536B5F /* ViewController.swift */,
				4081CB1D26C8FC9700536B5F /* Main.storyboard */,
				4081CB2026C8FC9900536B5F /* Assets.xcassets */,
				4081CB2226C8FC9900536B5F /* LaunchScreen.storyboard */,
				4081CB2526C8FC9900536B5F /* Info.plist */,
				4035023F26C988EF004BD348 /* SempleViewController.swift */,
			);
			path = FloatingActionAnimation;
			sourceTree = "<group>";
		};
		AC93A79827A176C34FABBE97 /* Frameworks */ = {
			isa = PBXGroup;
			children = (
				BFF56674B69808D8C2F02D4E /* Pods_FloatingActionAnimation.framework */,
			);
			name = Frameworks;
			sourceTree = "<group>";
		};
/* End PBXGroup section */

/* Begin PBXNativeTarget section */
		4081CB1326C8FC9700536B5F /* FloatingActionAnimation */ = {
			isa = PBXNativeTarget;
			buildConfigurationList = 4081CB2826C8FC9900536B5F /* Build configuration list for PBXNativeTarget "FloatingActionAnimation" */;
			buildPhases = (
				601F8187E7BD2B193D7940D3 /* [CP] Check Pods Manifest.lock */,
				4081CB1026C8FC9700536B5F /* Sources */,
				4081CB1126C8FC9700536B5F /* Frameworks */,
				4081CB1226C8FC9700536B5F /* Resources */,
				1AB3E56CA7341613831C87DC /* [CP] Embed Pods Frameworks */,
			);
			buildRules = (
			);
			dependencies = (
			);
			name = FloatingActionAnimation;
			productName = FloatingActionAnimation;
			productReference = 4081CB1426C8FC9700536B5F /* FloatingActionAnimation.app */;
			productType = "com.apple.product-type.application";
		};
/* End PBXNativeTarget section */

/* Begin PBXProject section */
		4081CB0C26C8FC9700536B5F /* Project object */ = {
			isa = PBXProject;
			attributes = {
				LastSwiftUpdateCheck = 1250;
				LastUpgradeCheck = 1250;
				TargetAttributes = {
					4081CB1326C8FC9700536B5F = {
						CreatedOnToolsVersion = 12.5.1;
					};
				};
			};
			buildConfigurationList = 4081CB0F26C8FC9700536B5F /* Build configuration list for PBXProject "FloatingActionAnimation" */;
			compatibilityVersion = "Xcode 9.3";
			developmentRegion = en;
			hasScannedForEncodings = 0;
			knownRegions = (
				en,
				Base,
			);
			mainGroup = 4081CB0B26C8FC9700536B5F;
			productRefGroup = 4081CB1526C8FC9700536B5F /* Products */;
			projectDirPath = "";
			projectRoot = "";
			targets = (
				4081CB1326C8FC9700536B5F /* FloatingActionAnimation */,
			);
		};
/* End PBXProject section */

/* Begin PBXResourcesBuildPhase section */
		4081CB1226C8FC9700536B5F /* Resources */ = {
			isa = PBXResourcesBuildPhase;
			buildActionMask = 2147483647;
			files = (
				4081CB2426C8FC9900536B5F /* LaunchScreen.storyboard in Resources */,
				4081CB2126C8FC9900536B5F /* Assets.xcassets in Resources */,
				4081CB1F26C8FC9700536B5F /* Main.storyboard in Resources */,
			);
			runOnlyForDeploymentPostprocessing = 0;
		};
/* End PBXResourcesBuildPhase section */

/* Begin PBXShellScriptBuildPhase section */
		1AB3E56CA7341613831C87DC /* [CP] Embed Pods Frameworks */ = {
			isa = PBXShellScriptBuildPhase;
			buildActionMask = 2147483647;
			files = (
			);
			inputFileListPaths = (
				"${PODS_ROOT}/Target Support Files/Pods-FloatingActionAnimation/Pods-FloatingActionAnimation-frameworks-${CONFIGURATION}-input-files.xcfilelist",
			);
			name = "[CP] Embed Pods Frameworks";
			outputFileListPaths = (
				"${PODS_ROOT}/Target Support Files/Pods-FloatingActionAnimation/Pods-FloatingActionAnimation-frameworks-${CONFIGURATION}-output-files.xcfilelist",
			);
			runOnlyForDeploymentPostprocessing = 0;
			shellPath = /bin/sh;
			shellScript = "\"${PODS_ROOT}/Target Support Files/Pods-FloatingActionAnimation/Pods-FloatingActionAnimation-frameworks.sh\"\n";
			showEnvVarsInLog = 0;
		};
		601F8187E7BD2B193D7940D3 /* [CP] Check Pods Manifest.lock */ = {
			isa = PBXShellScriptBuildPhase;
			buildActionMask = 2147483647;
			files = (
			);
			inputFileListPaths = (
			);
			inputPaths = (
				"${PODS_PODFILE_DIR_PATH}/Podfile.lock",
				"${PODS_ROOT}/Manifest.lock",
			);
			name = "[CP] Check Pods Manifest.lock";
			outputFileListPaths = (
			);
			outputPaths = (
				"$(DERIVED_FILE_DIR)/Pods-FloatingActionAnimation-checkManifestLockResult.txt",
			);
			runOnlyForDeploymentPostprocessing = 0;
			shellPath = /bin/sh;
			shellScript = "diff \"${PODS_PODFILE_DIR_PATH}/Podfile.lock\" \"${PODS_ROOT}/Manifest.lock\" > /dev/null\nif [ $? != 0 ] ; then\n    # print error to STDERR\n    echo \"error: The sandbox is not in sync with the Podfile.lock. Run 'pod install' or update your CocoaPods installation.\" >&2\n    exit 1\nfi\n# This output is used by Xcode 'outputs' to avoid re-running this script phase.\necho \"SUCCESS\" > \"${SCRIPT_OUTPUT_FILE_0}\"\n";
			showEnvVarsInLog = 0;
		};
/* End PBXShellScriptBuildPhase section */

/* Begin PBXSourcesBuildPhase section */
		4081CB1026C8FC9700536B5F /* Sources */ = {
			isa = PBXSourcesBuildPhase;
			buildActionMask = 2147483647;
			files = (
				4081CB1C26C8FC9700536B5F /* ViewController.swift in Sources */,
				4081CB1826C8FC9700536B5F /* AppDelegate.swift in Sources */,
				4035024026C988EF004BD348 /* SempleViewController.swift in Sources */,
				4081CB1A26C8FC9700536B5F /* SceneDelegate.swift in Sources */,
			);
			runOnlyForDeploymentPostprocessing = 0;
		};
/* End PBXSourcesBuildPhase section */

/* Begin PBXVariantGroup section */
		4081CB1D26C8FC9700536B5F /* Main.storyboard */ = {
			isa = PBXVariantGroup;
			children = (
				4081CB1E26C8FC9700536B5F /* Base */,
			);
			name = Main.storyboard;
			sourceTree = "<group>";
		};
		4081CB2226C8FC9900536B5F /* LaunchScreen.storyboard */ = {
			isa = PBXVariantGroup;
			children = (
				4081CB2326C8FC9900536B5F /* Base */,
			);
			name = LaunchScreen.storyboard;
			sourceTree = "<group>";
		};
/* End PBXVariantGroup section */

/* Begin XCBuildConfiguration section */
		4081CB2626C8FC9900536B5F /* Debug */ = {
			isa = XCBuildConfiguration;
			buildSettings = {
				ALWAYS_SEARCH_USER_PATHS = NO;
				CLANG_ANALYZER_NONNULL = YES;
				CLANG_ANALYZER_NUMBER_OBJECT_CONVERSION = YES_AGGRESSIVE;
				CLANG_CXX_LANGUAGE_STANDARD = "gnu++14";
				CLANG_CXX_LIBRARY = "libc++";
				CLANG_ENABLE_MODULES = YES;
				CLANG_ENABLE_OBJC_ARC = YES;
				CLANG_ENABLE_OBJC_WEAK = YES;
				CLANG_WARN_BLOCK_CAPTURE_AUTORELEASING = YES;
				CLANG_WARN_BOOL_CONVERSION = YES;
				CLANG_WARN_COMMA = YES;
				CLANG_WARN_CONSTANT_CONVERSION = YES;
				CLANG_WARN_DEPRECATED_OBJC_IMPLEMENTATIONS = YES;
				CLANG_WARN_DIRECT_OBJC_ISA_USAGE = YES_ERROR;
				CLANG_WARN_DOCUMENTATION_COMMENTS = YES;
				CLANG_WARN_EMPTY_BODY = YES;
				CLANG_WARN_ENUM_CONVERSION = YES;
				CLANG_WARN_INFINITE_RECURSION = YES;
				CLANG_WARN_INT_CONVERSION = YES;
				CLANG_WARN_NON_LITERAL_NULL_CONVERSION = YES;
				CLANG_WARN_OBJC_IMPLICIT_RETAIN_SELF = YES;
				CLANG_WARN_OBJC_LITERAL_CONVERSION = YES;
				CLANG_WARN_OBJC_ROOT_CLASS = YES_ERROR;
				CLANG_WARN_QUOTED_INCLUDE_IN_FRAMEWORK_HEADER = YES;
				CLANG_WARN_RANGE_LOOP_ANALYSIS = YES;
				CLANG_WARN_STRICT_PROTOTYPES = YES;
				CLANG_WARN_SUSPICIOUS_MOVE = YES;
				CLANG_WARN_UNGUARDED_AVAILABILITY = YES_AGGRESSIVE;
				CLANG_WARN_UNREACHABLE_CODE = YES;
				CLANG_WARN__DUPLICATE_METHOD_MATCH = YES;
				COPY_PHASE_STRIP = NO;
				DEBUG_INFORMATION_FORMAT = dwarf;
				ENABLE_STRICT_OBJC_MSGSEND = YES;
				ENABLE_TESTABILITY = YES;
				GCC_C_LANGUAGE_STANDARD = gnu11;
				GCC_DYNAMIC_NO_PIC = NO;
				GCC_NO_COMMON_BLOCKS = YES;
				GCC_OPTIMIZATION_LEVEL = 0;
				GCC_PREPROCESSOR_DEFINITIONS = (
					"DEBUG=1",
					"$(inherited)",
				);
				GCC_WARN_64_TO_32_BIT_CONVERSION = YES;
				GCC_WARN_ABOUT_RETURN_TYPE = YES_ERROR;
				GCC_WARN_UNDECLARED_SELECTOR = YES;
				GCC_WARN_UNINITIALIZED_AUTOS = YES_AGGRESSIVE;
				GCC_WARN_UNUSED_FUNCTION = YES;
				GCC_WARN_UNUSED_VARIABLE = YES;
				IPHONEOS_DEPLOYMENT_TARGET = 14.5;
				MTL_ENABLE_DEBUG_INFO = INCLUDE_SOURCE;
				MTL_FAST_MATH = YES;
				ONLY_ACTIVE_ARCH = YES;
				SDKROOT = iphoneos;
				SWIFT_ACTIVE_COMPILATION_CONDITIONS = DEBUG;
				SWIFT_OPTIMIZATION_LEVEL = "-Onone";
			};
			name = Debug;
		};
		4081CB2726C8FC9900536B5F /* Release */ = {
			isa = XCBuildConfiguration;
			buildSettings = {
				ALWAYS_SEARCH_USER_PATHS = NO;
				CLANG_ANALYZER_NONNULL = YES;
				CLANG_ANALYZER_NUMBER_OBJECT_CONVERSION = YES_AGGRESSIVE;
				CLANG_CXX_LANGUAGE_STANDARD = "gnu++14";
				CLANG_CXX_LIBRARY = "libc++";
				CLANG_ENABLE_MODULES = YES;
				CLANG_ENABLE_OBJC_ARC = YES;
				CLANG_ENABLE_OBJC_WEAK = YES;
				CLANG_WARN_BLOCK_CAPTURE_AUTORELEASING = YES;
				CLANG_WARN_BOOL_CONVERSION = YES;
				CLANG_WARN_COMMA = YES;
				CLANG_WARN_CONSTANT_CONVERSION = YES;
				CLANG_WARN_DEPRECATED_OBJC_IMPLEMENTATIONS = YES;
				CLANG_WARN_DIRECT_OBJC_ISA_USAGE = YES_ERROR;
				CLANG_WARN_DOCUMENTATION_COMMENTS = YES;
				CLANG_WARN_EMPTY_BODY = YES;
				CLANG_WARN_ENUM_CONVERSION = YES;
				CLANG_WARN_INFINITE_RECURSION = YES;
				CLANG_WARN_INT_CONVERSION = YES;
				CLANG_WARN_NON_LITERAL_NULL_CONVERSION = YES;
				CLANG_WARN_OBJC_IMPLICIT_RETAIN_SELF = YES;
				CLANG_WARN_OBJC_LITERAL_CONVERSION = YES;
				CLANG_WARN_OBJC_ROOT_CLASS = YES_ERROR;
				CLANG_WARN_QUOTED_INCLUDE_IN_FRAMEWORK_HEADER = YES;
				CLANG_WARN_RANGE_LOOP_ANALYSIS = YES;
				CLANG_WARN_STRICT_PROTOTYPES = YES;
				CLANG_WARN_SUSPICIOUS_MOVE = YES;
				CLANG_WARN_UNGUARDED_AVAILABILITY = YES_AGGRESSIVE;
				CLANG_WARN_UNREACHABLE_CODE = YES;
				CLANG_WARN__DUPLICATE_METHOD_MATCH = YES;
				COPY_PHASE_STRIP = NO;
				DEBUG_INFORMATION_FORMAT = "dwarf-with-dsym";
				ENABLE_NS_ASSERTIONS = NO;
				ENABLE_STRICT_OBJC_MSGSEND = YES;
				GCC_C_LANGUAGE_STANDARD = gnu11;
				GCC_NO_COMMON_BLOCKS = YES;
				GCC_WARN_64_TO_32_BIT_CONVERSION = YES;
				GCC_WARN_ABOUT_RETURN_TYPE = YES_ERROR;
				GCC_WARN_UNDECLARED_SELECTOR = YES;
				GCC_WARN_UNINITIALIZED_AUTOS = YES_AGGRESSIVE;
				GCC_WARN_UNUSED_FUNCTION = YES;
				GCC_WARN_UNUSED_VARIABLE = YES;
				IPHONEOS_DEPLOYMENT_TARGET = 14.5;
				MTL_ENABLE_DEBUG_INFO = NO;
				MTL_FAST_MATH = YES;
				SDKROOT = iphoneos;
				SWIFT_COMPILATION_MODE = wholemodule;
				SWIFT_OPTIMIZATION_LEVEL = "-O";
				VALIDATE_PRODUCT = YES;
			};
			name = Release;
		};
		4081CB2926C8FC9900536B5F /* Debug */ = {
			isa = XCBuildConfiguration;
			baseConfigurationReference = 747F236C08E27FF0E8049840 /* Pods-FloatingActionAnimation.debug.xcconfig */;
			buildSettings = {
				ASSETCATALOG_COMPILER_APPICON_NAME = AppIcon;
				ASSETCATALOG_COMPILER_GLOBAL_ACCENT_COLOR_NAME = AccentColor;
				CODE_SIGN_STYLE = Automatic;
				DEVELOPMENT_TEAM = L765CYF8SR;
				INFOPLIST_FILE = FloatingActionAnimation/Info.plist;
				LD_RUNPATH_SEARCH_PATHS = (
					"$(inherited)",
					"@executable_path/Frameworks",
				);
				PRODUCT_BUNDLE_IDENTIFIER = com.jihun.FloatingActionAnimation;
				PRODUCT_NAME = "$(TARGET_NAME)";
				SWIFT_VERSION = 5.0;
				TARGETED_DEVICE_FAMILY = "1,2";
			};
			name = Debug;
		};
		4081CB2A26C8FC9900536B5F /* Release */ = {
			isa = XCBuildConfiguration;
			baseConfigurationReference = 9359F8A0A770F2A43E1391BE /* Pods-FloatingActionAnimation.release.xcconfig */;
			buildSettings = {
				ASSETCATALOG_COMPILER_APPICON_NAME = AppIcon;
				ASSETCATALOG_COMPILER_GLOBAL_ACCENT_COLOR_NAME = AccentColor;
				CODE_SIGN_STYLE = Automatic;
				DEVELOPMENT_TEAM = L765CYF8SR;
				INFOPLIST_FILE = FloatingActionAnimation/Info.plist;
				LD_RUNPATH_SEARCH_PATHS = (
					"$(inherited)",
					"@executable_path/Frameworks",
				);
				PRODUCT_BUNDLE_IDENTIFIER = com.jihun.FloatingActionAnimation;
				PRODUCT_NAME = "$(TARGET_NAME)";
				SWIFT_VERSION = 5.0;
				TARGETED_DEVICE_FAMILY = "1,2";
			};
			name = Release;
		};
/* End XCBuildConfiguration section */

/* Begin XCConfigurationList section */
		4081CB0F26C8FC9700536B5F /* Build configuration list for PBXProject "FloatingActionAnimation" */ = {
			isa = XCConfigurationList;
			buildConfigurations = (
				4081CB2626C8FC9900536B5F /* Debug */,
				4081CB2726C8FC9900536B5F /* Release */,
			);
			defaultConfigurationIsVisible = 0;
			defaultConfigurationName = Release;
		};
		4081CB2826C8FC9900536B5F /* Build configuration list for PBXNativeTarget "FloatingActionAnimation" */ = {
			isa = XCConfigurationList;
			buildConfigurations = (
				4081CB2926C8FC9900536B5F /* Debug */,
				4081CB2A26C8FC9900536B5F /* Release */,
			);
			defaultConfigurationIsVisible = 0;
			defaultConfigurationName = Release;
		};
/* End XCConfigurationList section */
	};
	rootObject = 4081CB0C26C8FC9700536B5F /* Project object */;
}
