// !$*UTF8*$!
{
	archiveVersion = 1;
	classes = {
	};
	objectVersion = 51;
	objects = {

/* Begin PBXBuildFile section */
		4038111B26C5E6B500CD042F /* AppDelegate.swift in Sources */ = {isa = PBXBuildFile; fileRef = 4038111A26C5E6B500CD042F /* AppDelegate.swift */; };
		4038111D26C5E6B500CD042F /* SceneDelegate.swift in Sources */ = {isa = PBXBuildFile; fileRef = 4038111C26C5E6B500CD042F /* SceneDelegate.swift */; };
		4038111F26C5E6B500CD042F /* BarViewController.swift in Sources */ = {isa = PBXBuildFile; fileRef = 4038111E26C5E6B500CD042F /* BarViewController.swift */; };
		4038112226C5E6B500CD042F /* Main.storyboard in Resources */ = {isa = PBXBuildFile; fileRef = 4038112026C5E6B500CD042F /* Main.storyboard */; };
		4038112426C5E6B700CD042F /* Assets.xcassets in Resources */ = {isa = PBXBuildFile; fileRef = 4038112326C5E6B700CD042F /* Assets.xcassets */; };
		4038112726C5E6B700CD042F /* LaunchScreen.storyboard in Resources */ = {isa = PBXBuildFile; fileRef = 4038112526C5E6B700CD042F /* LaunchScreen.storyboard */; };
		4038112F26C5EC2600CD042F /* LineViewController.swift in Sources */ = {isa = PBXBuildFile; fileRef = 4038112E26C5EC2600CD042F /* LineViewController.swift */; };
		4038113126C5EC3700CD042F /* PieViewController.swift in Sources */ = {isa = PBXBuildFile; fileRef = 4038113026C5EC3700CD042F /* PieViewController.swift */; };
		6B9292EF27768464C7CC3221 /* Pods_Graph.framework in Frameworks */ = {isa = PBXBuildFile; fileRef = 7F2CF9AF79CBED954C053A9C /* Pods_Graph.framework */; };
/* End PBXBuildFile section */

/* Begin PBXFileReference section */
		04006E8E17C34C01B22D91BB /* Pods-Graph.debug.xcconfig */ = {isa = PBXFileReference; includeInIndex = 1; lastKnownFileType = text.xcconfig; name = "Pods-Graph.debug.xcconfig"; path = "Target Support Files/Pods-Graph/Pods-Graph.debug.xcconfig"; sourceTree = "<group>"; };
		4038111726C5E6B500CD042F /* Graph.app */ = {isa = PBXFileReference; explicitFileType = wrapper.application; includeInIndex = 0; path = Graph.app; sourceTree = BUILT_PRODUCTS_DIR; };
		4038111A26C5E6B500CD042F /* AppDelegate.swift */ = {isa = PBXFileReference; lastKnownFileType = sourcecode.swift; path = AppDelegate.swift; sourceTree = "<group>"; };
		4038111C26C5E6B500CD042F /* SceneDelegate.swift */ = {isa = PBXFileReference; lastKnownFileType = sourcecode.swift; path = SceneDelegate.swift; sourceTree = "<group>"; };
		4038111E26C5E6B500CD042F /* BarViewController.swift */ = {isa = PBXFileReference; lastKnownFileType = sourcecode.swift; path = BarViewController.swift; sourceTree = "<group>"; };
		4038112126C5E6B500CD042F /* Base */ = {isa = PBXFileReference; lastKnownFileType = file.storyboard; name = Base; path = Base.lproj/Main.storyboard; sourceTree = "<group>"; };
		4038112326C5E6B700CD042F /* Assets.xcassets */ = {isa = PBXFileReference; lastKnownFileType = folder.assetcatalog; path = Assets.xcassets; sourceTree = "<group>"; };
		4038112626C5E6B700CD042F /* Base */ = {isa = PBXFileReference; lastKnownFileType = file.storyboard; name = Base; path = Base.lproj/LaunchScreen.storyboard; sourceTree = "<group>"; };
		4038112826C5E6B700CD042F /* Info.plist */ = {isa = PBXFileReference; lastKnownFileType = text.plist.xml; path = Info.plist; sourceTree = "<group>"; };
		4038112E26C5EC2600CD042F /* LineViewController.swift */ = {isa = PBXFileReference; lastKnownFileType = sourcecode.swift; path = LineViewController.swift; sourceTree = "<group>"; };
		4038113026C5EC3700CD042F /* PieViewController.swift */ = {isa = PBXFileReference; lastKnownFileType = sourcecode.swift; path = PieViewController.swift; sourceTree = "<group>"; };
		7F2CF9AF79CBED954C053A9C /* Pods_Graph.framework */ = {isa = PBXFileReference; explicitFileType = wrapper.framework; includeInIndex = 0; path = Pods_Graph.framework; sourceTree = BUILT_PRODUCTS_DIR; };
		CAB653BD29A6DE85DBD2D942 /* Pods-Graph.release.xcconfig */ = {isa = PBXFileReference; includeInIndex = 1; lastKnownFileType = text.xcconfig; name = "Pods-Graph.release.xcconfig"; path = "Target Support Files/Pods-Graph/Pods-Graph.release.xcconfig"; sourceTree = "<group>"; };
/* End PBXFileReference section */

/* Begin PBXFrameworksBuildPhase section */
		4038111426C5E6B500CD042F /* Frameworks */ = {
			isa = PBXFrameworksBuildPhase;
			buildActionMask = 2147483647;
			files = (
				6B9292EF27768464C7CC3221 /* Pods_Graph.framework in Frameworks */,
			);
			runOnlyForDeploymentPostprocessing = 0;
		};
/* End PBXFrameworksBuildPhase section */

/* Begin PBXGroup section */
		2A258B84CB75E2B4C56C9BEB /* Pods */ = {
			isa = PBXGroup;
			children = (
				04006E8E17C34C01B22D91BB /* Pods-Graph.debug.xcconfig */,
				CAB653BD29A6DE85DBD2D942 /* Pods-Graph.release.xcconfig */,
			);
			path = Pods;
			sourceTree = "<group>";
		};
		4038110E26C5E6B500CD042F = {
			isa = PBXGroup;
			children = (
				4038111926C5E6B500CD042F /* Graph */,
				4038111826C5E6B500CD042F /* Products */,
				2A258B84CB75E2B4C56C9BEB /* Pods */,
				947CB03AD8E9308CF2AD4551 /* Frameworks */,
			);
			sourceTree = "<group>";
		};
		4038111826C5E6B500CD042F /* Products */ = {
			isa = PBXGroup;
			children = (
				4038111726C5E6B500CD042F /* Graph.app */,
			);
			name = Products;
			sourceTree = "<group>";
		};
		4038111926C5E6B500CD042F /* Graph */ = {
			isa = PBXGroup;
			children = (
				4038111A26C5E6B500CD042F /* AppDelegate.swift */,
				4038111C26C5E6B500CD042F /* SceneDelegate.swift */,
				4038112026C5E6B500CD042F /* Main.storyboard */,
				4038112326C5E6B700CD042F /* Assets.xcassets */,
				4038112526C5E6B700CD042F /* LaunchScreen.storyboard */,
				4038112826C5E6B700CD042F /* Info.plist */,
				4038111E26C5E6B500CD042F /* BarViewController.swift */,
				4038112E26C5EC2600CD042F /* LineViewController.swift */,
				4038113026C5EC3700CD042F /* PieViewController.swift */,
			);
			path = Graph;
			sourceTree = "<group>";
		};
		947CB03AD8E9308CF2AD4551 /* Frameworks */ = {
			isa = PBXGroup;
			children = (
				7F2CF9AF79CBED954C053A9C /* Pods_Graph.framework */,
			);
			name = Frameworks;
			sourceTree = "<group>";
		};
/* End PBXGroup section */

/* Begin PBXNativeTarget section */
		4038111626C5E6B500CD042F /* Graph */ = {
			isa = PBXNativeTarget;
			buildConfigurationList = 4038112B26C5E6B700CD042F /* Build configuration list for PBXNativeTarget "Graph" */;
			buildPhases = (
				1B8D44CCD43964639C6565B2 /* [CP] Check Pods Manifest.lock */,
				4038111326C5E6B500CD042F /* Sources */,
				4038111426C5E6B500CD042F /* Frameworks */,
				4038111526C5E6B500CD042F /* Resources */,
				35E9110493BFAE610173B869 /* [CP] Embed Pods Frameworks */,
			);
			buildRules = (
			);
			dependencies = (
			);
			name = Graph;
			productName = Graph;
			productReference = 4038111726C5E6B500CD042F /* Graph.app */;
			productType = "com.apple.product-type.application";
		};
/* End PBXNativeTarget section */

/* Begin PBXProject section */
		4038110F26C5E6B500CD042F /* Project object */ = {
			isa = PBXProject;
			attributes = {
				LastSwiftUpdateCheck = 1250;
				LastUpgradeCheck = 1250;
				TargetAttributes = {
					4038111626C5E6B500CD042F = {
						CreatedOnToolsVersion = 12.5.1;
					};
				};
			};
			buildConfigurationList = 4038111226C5E6B500CD042F /* Build configuration list for PBXProject "Graph" */;
			compatibilityVersion = "Xcode 9.3";
			developmentRegion = en;
			hasScannedForEncodings = 0;
			knownRegions = (
				en,
				Base,
			);
			mainGroup = 4038110E26C5E6B500CD042F;
			productRefGroup = 4038111826C5E6B500CD042F /* Products */;
			projectDirPath = "";
			projectRoot = "";
			targets = (
				4038111626C5E6B500CD042F /* Graph */,
			);
		};
/* End PBXProject section */

/* Begin PBXResourcesBuildPhase section */
		4038111526C5E6B500CD042F /* Resources */ = {
			isa = PBXResourcesBuildPhase;
			buildActionMask = 2147483647;
			files = (
				4038112726C5E6B700CD042F /* LaunchScreen.storyboard in Resources */,
				4038112426C5E6B700CD042F /* Assets.xcassets in Resources */,
				4038112226C5E6B500CD042F /* Main.storyboard in Resources */,
			);
			runOnlyForDeploymentPostprocessing = 0;
		};
/* End PBXResourcesBuildPhase section */

/* Begin PBXShellScriptBuildPhase section */
		1B8D44CCD43964639C6565B2 /* [CP] Check Pods Manifest.lock */ = {
			isa = PBXShellScriptBuildPhase;
			buildActionMask = 2147483647;
			files = (
			);
			inputFileListPaths = (
			);
			inputPaths = (
				"${PODS_PODFILE_DIR_PATH}/Podfile.lock",
				"${PODS_ROOT}/Manifest.lock",
			);
			name = "[CP] Check Pods Manifest.lock";
			outputFileListPaths = (
			);
			outputPaths = (
				"$(DERIVED_FILE_DIR)/Pods-Graph-checkManifestLockResult.txt",
			);
			runOnlyForDeploymentPostprocessing = 0;
			shellPath = /bin/sh;
			shellScript = "diff \"${PODS_PODFILE_DIR_PATH}/Podfile.lock\" \"${PODS_ROOT}/Manifest.lock\" > /dev/null\nif [ $? != 0 ] ; then\n    # print error to STDERR\n    echo \"error: The sandbox is not in sync with the Podfile.lock. Run 'pod install' or update your CocoaPods installation.\" >&2\n    exit 1\nfi\n# This output is used by Xcode 'outputs' to avoid re-running this script phase.\necho \"SUCCESS\" > \"${SCRIPT_OUTPUT_FILE_0}\"\n";
			showEnvVarsInLog = 0;
		};
		35E9110493BFAE610173B869 /* [CP] Embed Pods Frameworks */ = {
			isa = PBXShellScriptBuildPhase;
			buildActionMask = 2147483647;
			files = (
			);
			inputFileListPaths = (
				"${PODS_ROOT}/Target Support Files/Pods-Graph/Pods-Graph-frameworks-${CONFIGURATION}-input-files.xcfilelist",
			);
			name = "[CP] Embed Pods Frameworks";
			outputFileListPaths = (
				"${PODS_ROOT}/Target Support Files/Pods-Graph/Pods-Graph-frameworks-${CONFIGURATION}-output-files.xcfilelist",
			);
			runOnlyForDeploymentPostprocessing = 0;
			shellPath = /bin/sh;
			shellScript = "\"${PODS_ROOT}/Target Support Files/Pods-Graph/Pods-Graph-frameworks.sh\"\n";
			showEnvVarsInLog = 0;
		};
/* End PBXShellScriptBuildPhase section */

/* Begin PBXSourcesBuildPhase section */
		4038111326C5E6B500CD042F /* Sources */ = {
			isa = PBXSourcesBuildPhase;
			buildActionMask = 2147483647;
			files = (
				4038111F26C5E6B500CD042F /* BarViewController.swift in Sources */,
				4038111B26C5E6B500CD042F /* AppDelegate.swift in Sources */,
				4038112F26C5EC2600CD042F /* LineViewController.swift in Sources */,
				4038113126C5EC3700CD042F /* PieViewController.swift in Sources */,
				4038111D26C5E6B500CD042F /* SceneDelegate.swift in Sources */,
			);
			runOnlyForDeploymentPostprocessing = 0;
		};
/* End PBXSourcesBuildPhase section */

/* Begin PBXVariantGroup section */
		4038112026C5E6B500CD042F /* Main.storyboard */ = {
			isa = PBXVariantGroup;
			children = (
				4038112126C5E6B500CD042F /* Base */,
			);
			name = Main.storyboard;
			sourceTree = "<group>";
		};
		4038112526C5E6B700CD042F /* LaunchScreen.storyboard */ = {
			isa = PBXVariantGroup;
			children = (
				4038112626C5E6B700CD042F /* Base */,
			);
			name = LaunchScreen.storyboard;
			sourceTree = "<group>";
		};
/* End PBXVariantGroup section */

/* Begin XCBuildConfiguration section */
		4038112926C5E6B700CD042F /* Debug */ = {
			isa = XCBuildConfiguration;
			buildSettings = {
				ALWAYS_SEARCH_USER_PATHS = NO;
				CLANG_ANALYZER_NONNULL = YES;
				CLANG_ANALYZER_NUMBER_OBJECT_CONVERSION = YES_AGGRESSIVE;
				CLANG_CXX_LANGUAGE_STANDARD = "gnu++14";
				CLANG_CXX_LIBRARY = "libc++";
				CLANG_ENABLE_MODULES = YES;
				CLANG_ENABLE_OBJC_ARC = YES;
				CLANG_ENABLE_OBJC_WEAK = YES;
				CLANG_WARN_BLOCK_CAPTURE_AUTORELEASING = YES;
				CLANG_WARN_BOOL_CONVERSION = YES;
				CLANG_WARN_COMMA = YES;
				CLANG_WARN_CONSTANT_CONVERSION = YES;
				CLANG_WARN_DEPRECATED_OBJC_IMPLEMENTATIONS = YES;
				CLANG_WARN_DIRECT_OBJC_ISA_USAGE = YES_ERROR;
				CLANG_WARN_DOCUMENTATION_COMMENTS = YES;
				CLANG_WARN_EMPTY_BODY = YES;
				CLANG_WARN_ENUM_CONVERSION = YES;
				CLANG_WARN_INFINITE_RECURSION = YES;
				CLANG_WARN_INT_CONVERSION = YES;
				CLANG_WARN_NON_LITERAL_NULL_CONVERSION = YES;
				CLANG_WARN_OBJC_IMPLICIT_RETAIN_SELF = YES;
				CLANG_WARN_OBJC_LITERAL_CONVERSION = YES;
				CLANG_WARN_OBJC_ROOT_CLASS = YES_ERROR;
				CLANG_WARN_QUOTED_INCLUDE_IN_FRAMEWORK_HEADER = YES;
				CLANG_WARN_RANGE_LOOP_ANALYSIS = YES;
				CLANG_WARN_STRICT_PROTOTYPES = YES;
				CLANG_WARN_SUSPICIOUS_MOVE = YES;
				CLANG_WARN_UNGUARDED_AVAILABILITY = YES_AGGRESSIVE;
				CLANG_WARN_UNREACHABLE_CODE = YES;
				CLANG_WARN__DUPLICATE_METHOD_MATCH = YES;
				COPY_PHASE_STRIP = NO;
				DEBUG_INFORMATION_FORMAT = dwarf;
				ENABLE_STRICT_OBJC_MSGSEND = YES;
				ENABLE_TESTABILITY = YES;
				GCC_C_LANGUAGE_STANDARD = gnu11;
				GCC_DYNAMIC_NO_PIC = NO;
				GCC_NO_COMMON_BLOCKS = YES;
				GCC_OPTIMIZATION_LEVEL = 0;
				GCC_PREPROCESSOR_DEFINITIONS = (
					"DEBUG=1",
					"$(inherited)",
				);
				GCC_WARN_64_TO_32_BIT_CONVERSION = YES;
				GCC_WARN_ABOUT_RETURN_TYPE = YES_ERROR;
				GCC_WARN_UNDECLARED_SELECTOR = YES;
				GCC_WARN_UNINITIALIZED_AUTOS = YES_AGGRESSIVE;
				GCC_WARN_UNUSED_FUNCTION = YES;
				GCC_WARN_UNUSED_VARIABLE = YES;
				IPHONEOS_DEPLOYMENT_TARGET = 14.5;
				MTL_ENABLE_DEBUG_INFO = INCLUDE_SOURCE;
				MTL_FAST_MATH = YES;
				ONLY_ACTIVE_ARCH = YES;
				SDKROOT = iphoneos;
				SWIFT_ACTIVE_COMPILATION_CONDITIONS = DEBUG;
				SWIFT_OPTIMIZATION_LEVEL = "-Onone";
			};
			name = Debug;
		};
		4038112A26C5E6B700CD042F /* Release */ = {
			isa = XCBuildConfiguration;
			buildSettings = {
				ALWAYS_SEARCH_USER_PATHS = NO;
				CLANG_ANALYZER_NONNULL = YES;
				CLANG_ANALYZER_NUMBER_OBJECT_CONVERSION = YES_AGGRESSIVE;
				CLANG_CXX_LANGUAGE_STANDARD = "gnu++14";
				CLANG_CXX_LIBRARY = "libc++";
				CLANG_ENABLE_MODULES = YES;
				CLANG_ENABLE_OBJC_ARC = YES;
				CLANG_ENABLE_OBJC_WEAK = YES;
				CLANG_WARN_BLOCK_CAPTURE_AUTORELEASING = YES;
				CLANG_WARN_BOOL_CONVERSION = YES;
				CLANG_WARN_COMMA = YES;
				CLANG_WARN_CONSTANT_CONVERSION = YES;
				CLANG_WARN_DEPRECATED_OBJC_IMPLEMENTATIONS = YES;
				CLANG_WARN_DIRECT_OBJC_ISA_USAGE = YES_ERROR;
				CLANG_WARN_DOCUMENTATION_COMMENTS = YES;
				CLANG_WARN_EMPTY_BODY = YES;
				CLANG_WARN_ENUM_CONVERSION = YES;
				CLANG_WARN_INFINITE_RECURSION = YES;
				CLANG_WARN_INT_CONVERSION = YES;
				CLANG_WARN_NON_LITERAL_NULL_CONVERSION = YES;
				CLANG_WARN_OBJC_IMPLICIT_RETAIN_SELF = YES;
				CLANG_WARN_OBJC_LITERAL_CONVERSION = YES;
				CLANG_WARN_OBJC_ROOT_CLASS = YES_ERROR;
				CLANG_WARN_QUOTED_INCLUDE_IN_FRAMEWORK_HEADER = YES;
				CLANG_WARN_RANGE_LOOP_ANALYSIS = YES;
				CLANG_WARN_STRICT_PROTOTYPES = YES;
				CLANG_WARN_SUSPICIOUS_MOVE = YES;
				CLANG_WARN_UNGUARDED_AVAILABILITY = YES_AGGRESSIVE;
				CLANG_WARN_UNREACHABLE_CODE = YES;
				CLANG_WARN__DUPLICATE_METHOD_MATCH = YES;
				COPY_PHASE_STRIP = NO;
				DEBUG_INFORMATION_FORMAT = "dwarf-with-dsym";
				ENABLE_NS_ASSERTIONS = NO;
				ENABLE_STRICT_OBJC_MSGSEND = YES;
				GCC_C_LANGUAGE_STANDARD = gnu11;
				GCC_NO_COMMON_BLOCKS = YES;
				GCC_WARN_64_TO_32_BIT_CONVERSION = YES;
				GCC_WARN_ABOUT_RETURN_TYPE = YES_ERROR;
				GCC_WARN_UNDECLARED_SELECTOR = YES;
				GCC_WARN_UNINITIALIZED_AUTOS = YES_AGGRESSIVE;
				GCC_WARN_UNUSED_FUNCTION = YES;
				GCC_WARN_UNUSED_VARIABLE = YES;
				IPHONEOS_DEPLOYMENT_TARGET = 14.5;
				MTL_ENABLE_DEBUG_INFO = NO;
				MTL_FAST_MATH = YES;
				SDKROOT = iphoneos;
				SWIFT_COMPILATION_MODE = wholemodule;
				SWIFT_OPTIMIZATION_LEVEL = "-O";
				VALIDATE_PRODUCT = YES;
			};
			name = Release;
		};
		4038112C26C5E6B700CD042F /* Debug */ = {
			isa = XCBuildConfiguration;
			baseConfigurationReference = 04006E8E17C34C01B22D91BB /* Pods-Graph.debug.xcconfig */;
			buildSettings = {
				ASSETCATALOG_COMPILER_APPICON_NAME = AppIcon;
				ASSETCATALOG_COMPILER_GLOBAL_ACCENT_COLOR_NAME = AccentColor;
				CODE_SIGN_STYLE = Automatic;
				DEVELOPMENT_TEAM = L765CYF8SR;
				INFOPLIST_FILE = Graph/Info.plist;
				LD_RUNPATH_SEARCH_PATHS = (
					"$(inherited)",
					"@executable_path/Frameworks",
				);
				PRODUCT_BUNDLE_IDENTIFIER = com.jihun.Graph;
				PRODUCT_NAME = "$(TARGET_NAME)";
				SWIFT_VERSION = 5.0;
				TARGETED_DEVICE_FAMILY = "1,2";
			};
			name = Debug;
		};
		4038112D26C5E6B700CD042F /* Release */ = {
			isa = XCBuildConfiguration;
			baseConfigurationReference = CAB653BD29A6DE85DBD2D942 /* Pods-Graph.release.xcconfig */;
			buildSettings = {
				ASSETCATALOG_COMPILER_APPICON_NAME = AppIcon;
				ASSETCATALOG_COMPILER_GLOBAL_ACCENT_COLOR_NAME = AccentColor;
				CODE_SIGN_STYLE = Automatic;
				DEVELOPMENT_TEAM = L765CYF8SR;
				INFOPLIST_FILE = Graph/Info.plist;
				LD_RUNPATH_SEARCH_PATHS = (
					"$(inherited)",
					"@executable_path/Frameworks",
				);
				PRODUCT_BUNDLE_IDENTIFIER = com.jihun.Graph;
				PRODUCT_NAME = "$(TARGET_NAME)";
				SWIFT_VERSION = 5.0;
				TARGETED_DEVICE_FAMILY = "1,2";
			};
			name = Release;
		};
/* End XCBuildConfiguration section */

/* Begin XCConfigurationList section */
		4038111226C5E6B500CD042F /* Build configuration list for PBXProject "Graph" */ = {
			isa = XCConfigurationList;
			buildConfigurations = (
				4038112926C5E6B700CD042F /* Debug */,
				4038112A26C5E6B700CD042F /* Release */,
			);
			defaultConfigurationIsVisible = 0;
			defaultConfigurationName = Release;
		};
		4038112B26C5E6B700CD042F /* Build configuration list for PBXNativeTarget "Graph" */ = {
			isa = XCConfigurationList;
			buildConfigurations = (
				4038112C26C5E6B700CD042F /* Debug */,
				4038112D26C5E6B700CD042F /* Release */,
			);
			defaultConfigurationIsVisible = 0;
			defaultConfigurationName = Release;
		};
/* End XCConfigurationList section */
	};
	rootObject = 4038110F26C5E6B500CD042F /* Project object */;
}
